
Microsoft Visual Studio Solution File, Format Version 12.00
# Visual Studio Version 17
VisualStudioVersion = 17.9.34310.174
MinimumVisualStudioVersion = 10.0.40219.1
Project("{FAE04EC0-301F-11D3-BF4B-00C04F79EFBC}") = "BlazorApp1", "BlazorApp1\BlazorApp1\BlazorApp1.csproj", "{A19790C3-43E3-42ED-B59F-635CE7CC6DF0}"
EndProject
Project("{FAE04EC0-301F-11D3-BF4B-00C04F79EFBC}") = "BlazorApp1.Client", "BlazorApp1\BlazorApp1.Client\BlazorApp1.Client.csproj", "{696F5B54-FC71-4BE0-9CDE-05E2171C1B7A}"
EndProject
Global
	GlobalSection(SolutionConfigurationPlatforms) = preSolution
		Debug|Any CPU = Debug|Any CPU
		Release|Any CPU = Release|Any CPU
	EndGlobalSection
	GlobalSection(ProjectConfigurationPlatforms) = postSolution
		{A19790C3-43E3-42ED-B59F-635CE7CC6DF0}.Debug|Any CPU.ActiveCfg = Debug|Any CPU
		{A19790C3-43E3-42ED-B59F-635CE7CC6DF0}.Debug|Any CPU.Build.0 = Debug|Any CPU
		{A19790C3-43E3-42ED-B59F-635CE7CC6DF0}.Release|Any CPU.ActiveCfg = Release|Any CPU
		{A19790C3-43E3-42ED-B59F-635CE7CC6DF0}.Release|Any CPU.Build.0 = Release|Any CPU
		{696F5B54-FC71-4BE0-9CDE-05E2171C1B7A}.Debug|Any CPU.ActiveCfg = Debug|Any CPU
		{696F5B54-FC71-4BE0-9CDE-05E2171C1B7A}.Debug|Any CPU.Build.0 = Debug|Any CPU
		{696F5B54-FC71-4BE0-9CDE-05E2171C1B7A}.Release|Any CPU.ActiveCfg = Release|Any CPU
		{696F5B54-FC71-4BE0-9CDE-05E2171C1B7A}.Release|Any CPU.Build.0 = Release|Any CPU
	EndGlobalSection
	GlobalSection(SolutionProperties) = preSolution
		HideSolutionNode = FALSE
	EndGlobalSection
	GlobalSection(ExtensibilityGlobals) = postSolution
		SolutionGuid = {C83423C8-8C33-4AF7-861C-35554E4E3146}
	EndGlobalSection
EndGlobal
