
Microsoft Visual Studio Solution File, Format Version 12.00
# Visual Studio Version 16
VisualStudioVersion = 16.0.29709.97
MinimumVisualStudioVersion = 10.0.40219.1
Project("{FAE04EC0-301F-11D3-BF4B-00C04F79EFBC}") = "MVCMySql", "MVCMySql.csproj", "{A34B1425-D09D-4F41-B514-93C86AFEA884}"
EndProject
Global
	GlobalSection(SolutionConfigurationPlatforms) = preSolution
		Debug|Any CPU = Debug|Any CPU
		Release|Any CPU = Release|Any CPU
	EndGlobalSection
	GlobalSection(ProjectConfigurationPlatforms) = postSolution
		{A34B1425-D09D-4F41-B514-93C86AFEA884}.Debug|Any CPU.ActiveCfg = Debug|Any CPU
		{A34B1425-D09D-4F41-B514-93C86AFEA884}.Debug|Any CPU.Build.0 = Debug|Any CPU
		{A34B1425-D09D-4F41-B514-93C86AFEA884}.Release|Any CPU.ActiveCfg = Release|Any CPU
		{A34B1425-D09D-4F41-B514-93C86AFEA884}.Release|Any CPU.Build.0 = Release|Any CPU
	EndGlobalSection
	GlobalSection(SolutionProperties) = preSolution
		HideSolutionNode = FALSE
	EndGlobalSection
	GlobalSection(ExtensibilityGlobals) = postSolution
		SolutionGuid = {29384429-C5B9-474F-AE06-AE2DDEFD3AC0}
	EndGlobalSection
EndGlobal
